
Microsoft Visual Studio Solution File, Format Version 12.00
# Visual Studio Version 17
VisualStudioVersion = 17.2.32516.85
MinimumVisualStudioVersion = 10.0.40219.1
Project("{FAE04EC0-301F-11D3-BF4B-00C04F79EFBC}") = "Tahaluf.Pharmacy.API", "Tahaluf.Pharmacy.API\Tahaluf.Pharmacy.API.csproj", "{596EE492-EFA3-420B-97BD-D698ED851B3B}"
EndProject
Project("{FAE04EC0-301F-11D3-BF4B-00C04F79EFBC}") = "Tahaluf.Pharmace.Infra", "Tahaluf.Pharmace.Infra\Tahaluf.Pharmace.Infra.csproj", "{2C3F2870-64F7-4679-B68F-7114F7D52319}"
EndProject
Project("{FAE04EC0-301F-11D3-BF4B-00C04F79EFBC}") = "Tahaluf.Pharmace.Core", "Tahaluf.Pharmace.Core\Tahaluf.Pharmace.Core.csproj", "{A9213FE2-F18C-4E2C-BB61-24861504F70B}"
EndProject
Global
	GlobalSection(SolutionConfigurationPlatforms) = preSolution
		Debug|Any CPU = Debug|Any CPU
		Release|Any CPU = Release|Any CPU
	EndGlobalSection
	GlobalSection(ProjectConfigurationPlatforms) = postSolution
		{596EE492-EFA3-420B-97BD-D698ED851B3B}.Debug|Any CPU.ActiveCfg = Debug|Any CPU
		{596EE492-EFA3-420B-97BD-D698ED851B3B}.Debug|Any CPU.Build.0 = Debug|Any CPU
		{596EE492-EFA3-420B-97BD-D698ED851B3B}.Release|Any CPU.ActiveCfg = Release|Any CPU
		{596EE492-EFA3-420B-97BD-D698ED851B3B}.Release|Any CPU.Build.0 = Release|Any CPU
		{2C3F2870-64F7-4679-B68F-7114F7D52319}.Debug|Any CPU.ActiveCfg = Debug|Any CPU
		{2C3F2870-64F7-4679-B68F-7114F7D52319}.Debug|Any CPU.Build.0 = Debug|Any CPU
		{2C3F2870-64F7-4679-B68F-7114F7D52319}.Release|Any CPU.ActiveCfg = Release|Any CPU
		{2C3F2870-64F7-4679-B68F-7114F7D52319}.Release|Any CPU.Build.0 = Release|Any CPU
		{A9213FE2-F18C-4E2C-BB61-24861504F70B}.Debug|Any CPU.ActiveCfg = Debug|Any CPU
		{A9213FE2-F18C-4E2C-BB61-24861504F70B}.Debug|Any CPU.Build.0 = Debug|Any CPU
		{A9213FE2-F18C-4E2C-BB61-24861504F70B}.Release|Any CPU.ActiveCfg = Release|Any CPU
		{A9213FE2-F18C-4E2C-BB61-24861504F70B}.Release|Any CPU.Build.0 = Release|Any CPU
	EndGlobalSection
	GlobalSection(SolutionProperties) = preSolution
		HideSolutionNode = FALSE
	EndGlobalSection
	GlobalSection(ExtensibilityGlobals) = postSolution
		SolutionGuid = {C7F5E6A0-5E08-41EC-86EC-EB9BBBD145AE}
	EndGlobalSection
EndGlobal
